
Microsoft Visual Studio Solution File, Format Version 12.00
# Visual Studio 15
VisualStudioVersion = 15.0.28307.1300
MinimumVisualStudioVersion = 10.0.40219.1
Project("{FAE04EC0-301F-11D3-BF4B-00C04F79EFBC}") = "IO_Lab", "IO_Lab\IO_Lab.csproj", "{905354BC-57F5-4C6D-AC58-72895B8764F2}"
EndProject
Global
	GlobalSection(SolutionConfigurationPlatforms) = preSolution
		Debug|Any CPU = Debug|Any CPU
		Release|Any CPU = Release|Any CPU
	EndGlobalSection
	GlobalSection(ProjectConfigurationPlatforms) = postSolution
		{905354BC-57F5-4C6D-AC58-72895B8764F2}.Debug|Any CPU.ActiveCfg = Debug|Any CPU
		{905354BC-57F5-4C6D-AC58-72895B8764F2}.Debug|Any CPU.Build.0 = Debug|Any CPU
		{905354BC-57F5-4C6D-AC58-72895B8764F2}.Release|Any CPU.ActiveCfg = Release|Any CPU
		{905354BC-57F5-4C6D-AC58-72895B8764F2}.Release|Any CPU.Build.0 = Release|Any CPU
	EndGlobalSection
	GlobalSection(SolutionProperties) = preSolution
		HideSolutionNode = FALSE
	EndGlobalSection
	GlobalSection(ExtensibilityGlobals) = postSolution
		SolutionGuid = {71310876-E516-4D0C-9304-9C38FC826FFD}
	EndGlobalSection
EndGlobal
